
Microsoft Visual Studio Solution File, Format Version 12.00
# Visual Studio 14
VisualStudioVersion = 14.0.25420.1
MinimumVisualStudioVersion = 10.0.40219.1
Project("{8BC9CEB8-8B4A-11D0-8D11-00A0C91BC942}") = "DPTrace-Tracer", "DPTrace-Tracer\dptrace-tracer.vcxproj", "{F4CF3FB8-A1FC-4C52-AC34-FBF73F180BAA}"
EndProject
Project("{8BC9CEB8-8B4A-11D0-8D11-00A0C91BC942}") = "DPTrace-GUI", "DPTrace-GUI\DPTrace-GUI.vcxproj", "{DC12EAFB-1EC2-43F5-938B-BA71ADD46328}"
EndProject
Global
	GlobalSection(SolutionConfigurationPlatforms) = preSolution
		Debug|x64 = Debug|x64
		Debug|x86 = Debug|x86
		Release|x64 = Release|x64
		Release|x86 = Release|x86
	EndGlobalSection
	GlobalSection(ProjectConfigurationPlatforms) = postSolution
		{F4CF3FB8-A1FC-4C52-AC34-FBF73F180BAA}.Debug|x64.ActiveCfg = Debug|Win32
		{F4CF3FB8-A1FC-4C52-AC34-FBF73F180BAA}.Debug|x64.Build.0 = Debug|Win32
		{F4CF3FB8-A1FC-4C52-AC34-FBF73F180BAA}.Debug|x86.ActiveCfg = Debug|Win32
		{F4CF3FB8-A1FC-4C52-AC34-FBF73F180BAA}.Debug|x86.Build.0 = Debug|Win32
		{F4CF3FB8-A1FC-4C52-AC34-FBF73F180BAA}.Release|x64.ActiveCfg = Release|x64
		{F4CF3FB8-A1FC-4C52-AC34-FBF73F180BAA}.Release|x64.Build.0 = Release|x64
		{F4CF3FB8-A1FC-4C52-AC34-FBF73F180BAA}.Release|x86.ActiveCfg = Release|Win32
		{F4CF3FB8-A1FC-4C52-AC34-FBF73F180BAA}.Release|x86.Build.0 = Release|Win32
		{DC12EAFB-1EC2-43F5-938B-BA71ADD46328}.Debug|x64.ActiveCfg = Debug|Win32
		{DC12EAFB-1EC2-43F5-938B-BA71ADD46328}.Debug|x64.Build.0 = Debug|Win32
		{DC12EAFB-1EC2-43F5-938B-BA71ADD46328}.Debug|x86.ActiveCfg = Debug|Win32
		{DC12EAFB-1EC2-43F5-938B-BA71ADD46328}.Debug|x86.Build.0 = Debug|Win32
		{DC12EAFB-1EC2-43F5-938B-BA71ADD46328}.Release|x64.ActiveCfg = Release|Win32
		{DC12EAFB-1EC2-43F5-938B-BA71ADD46328}.Release|x86.ActiveCfg = Release|Win32
		{DC12EAFB-1EC2-43F5-938B-BA71ADD46328}.Release|x86.Build.0 = Release|Win32
	EndGlobalSection
	GlobalSection(SolutionProperties) = preSolution
		HideSolutionNode = FALSE
	EndGlobalSection
EndGlobal
